
Microsoft Visual Studio Solution File, Format Version 12.00
# Visual Studio 15
VisualStudioVersion = 15.0.26124.0
MinimumVisualStudioVersion = 15.0.26124.0
Project("{FAE04EC0-301F-11D3-BF4B-00C04F79EFBC}") = "Gravatar", "Gravatar\Gravatar.csproj", "{9648FE21-04AC-46E8-8769-1D4EE1769C5C}"
EndProject
Project("{FAE04EC0-301F-11D3-BF4B-00C04F79EFBC}") = "Gravatar.Tests", "Gravatar.Tests\Gravatar.Tests.csproj", "{BBFCA7DB-9583-49EC-A13A-EAD20188935D}"
EndProject
Global
	GlobalSection(SolutionConfigurationPlatforms) = preSolution
		Debug|Any CPU = Debug|Any CPU
		Debug|x64 = Debug|x64
		Debug|x86 = Debug|x86
		Release|Any CPU = Release|Any CPU
		Release|x64 = Release|x64
		Release|x86 = Release|x86
	EndGlobalSection
	GlobalSection(SolutionProperties) = preSolution
		HideSolutionNode = FALSE
	EndGlobalSection
	GlobalSection(ProjectConfigurationPlatforms) = postSolution
		{9648FE21-04AC-46E8-8769-1D4EE1769C5C}.Debug|Any CPU.ActiveCfg = Debug|Any CPU
		{9648FE21-04AC-46E8-8769-1D4EE1769C5C}.Debug|Any CPU.Build.0 = Debug|Any CPU
		{9648FE21-04AC-46E8-8769-1D4EE1769C5C}.Debug|x64.ActiveCfg = Debug|Any CPU
		{9648FE21-04AC-46E8-8769-1D4EE1769C5C}.Debug|x64.Build.0 = Debug|Any CPU
		{9648FE21-04AC-46E8-8769-1D4EE1769C5C}.Debug|x86.ActiveCfg = Debug|Any CPU
		{9648FE21-04AC-46E8-8769-1D4EE1769C5C}.Debug|x86.Build.0 = Debug|Any CPU
		{9648FE21-04AC-46E8-8769-1D4EE1769C5C}.Release|Any CPU.ActiveCfg = Release|Any CPU
		{9648FE21-04AC-46E8-8769-1D4EE1769C5C}.Release|Any CPU.Build.0 = Release|Any CPU
		{9648FE21-04AC-46E8-8769-1D4EE1769C5C}.Release|x64.ActiveCfg = Release|Any CPU
		{9648FE21-04AC-46E8-8769-1D4EE1769C5C}.Release|x64.Build.0 = Release|Any CPU
		{9648FE21-04AC-46E8-8769-1D4EE1769C5C}.Release|x86.ActiveCfg = Release|Any CPU
		{9648FE21-04AC-46E8-8769-1D4EE1769C5C}.Release|x86.Build.0 = Release|Any CPU
		{BBFCA7DB-9583-49EC-A13A-EAD20188935D}.Debug|Any CPU.ActiveCfg = Debug|Any CPU
		{BBFCA7DB-9583-49EC-A13A-EAD20188935D}.Debug|Any CPU.Build.0 = Debug|Any CPU
		{BBFCA7DB-9583-49EC-A13A-EAD20188935D}.Debug|x64.ActiveCfg = Debug|Any CPU
		{BBFCA7DB-9583-49EC-A13A-EAD20188935D}.Debug|x64.Build.0 = Debug|Any CPU
		{BBFCA7DB-9583-49EC-A13A-EAD20188935D}.Debug|x86.ActiveCfg = Debug|Any CPU
		{BBFCA7DB-9583-49EC-A13A-EAD20188935D}.Debug|x86.Build.0 = Debug|Any CPU
		{BBFCA7DB-9583-49EC-A13A-EAD20188935D}.Release|Any CPU.ActiveCfg = Release|Any CPU
		{BBFCA7DB-9583-49EC-A13A-EAD20188935D}.Release|Any CPU.Build.0 = Release|Any CPU
		{BBFCA7DB-9583-49EC-A13A-EAD20188935D}.Release|x64.ActiveCfg = Release|Any CPU
		{BBFCA7DB-9583-49EC-A13A-EAD20188935D}.Release|x64.Build.0 = Release|Any CPU
		{BBFCA7DB-9583-49EC-A13A-EAD20188935D}.Release|x86.ActiveCfg = Release|Any CPU
		{BBFCA7DB-9583-49EC-A13A-EAD20188935D}.Release|x86.Build.0 = Release|Any CPU
	EndGlobalSection
EndGlobal
